
Microsoft Visual Studio Solution File, Format Version 12.00
# Visual Studio Version 16
VisualStudioVersion = 16.0.31205.134
MinimumVisualStudioVersion = 10.0.40219.1
Project("{FAE04EC0-301F-11D3-BF4B-00C04F79EFBC}") = "Proyectofloresapi", "Proyectofloresapi\Proyectofloresapi.csproj", "{7CB192D7-73A4-4454-BCD5-E337568A8307}"
EndProject
Project("{FAE04EC0-301F-11D3-BF4B-00C04F79EFBC}") = "ProyectofloresTests", "ProyectofloresTests\ProyectofloresTests.csproj", "{F172D875-A56C-495C-AF1B-1A197B6DED02}"
EndProject
Global
	GlobalSection(SolutionConfigurationPlatforms) = preSolution
		Debug|Any CPU = Debug|Any CPU
		Release|Any CPU = Release|Any CPU
	EndGlobalSection
	GlobalSection(ProjectConfigurationPlatforms) = postSolution
		{7CB192D7-73A4-4454-BCD5-E337568A8307}.Debug|Any CPU.ActiveCfg = Debug|Any CPU
		{7CB192D7-73A4-4454-BCD5-E337568A8307}.Debug|Any CPU.Build.0 = Debug|Any CPU
		{7CB192D7-73A4-4454-BCD5-E337568A8307}.Release|Any CPU.ActiveCfg = Release|Any CPU
		{7CB192D7-73A4-4454-BCD5-E337568A8307}.Release|Any CPU.Build.0 = Release|Any CPU
		{F172D875-A56C-495C-AF1B-1A197B6DED02}.Debug|Any CPU.ActiveCfg = Debug|Any CPU
		{F172D875-A56C-495C-AF1B-1A197B6DED02}.Debug|Any CPU.Build.0 = Debug|Any CPU
		{F172D875-A56C-495C-AF1B-1A197B6DED02}.Release|Any CPU.ActiveCfg = Release|Any CPU
		{F172D875-A56C-495C-AF1B-1A197B6DED02}.Release|Any CPU.Build.0 = Release|Any CPU
	EndGlobalSection
	GlobalSection(SolutionProperties) = preSolution
		HideSolutionNode = FALSE
	EndGlobalSection
	GlobalSection(ExtensibilityGlobals) = postSolution
		SolutionGuid = {951D1D28-32A5-469A-8A1C-A2DCAC83BD58}
	EndGlobalSection
EndGlobal
