
Microsoft Visual Studio Solution File, Format Version 12.00
# Visual Studio Version 16
VisualStudioVersion = 16.0.31205.134
MinimumVisualStudioVersion = 10.0.40219.1
Project("{FAE04EC0-301F-11D3-BF4B-00C04F79EFBC}") = "Proyectofloresapi", "Proyectofloresapi\Proyectofloresapi.csproj", "{7CB192D7-73A4-4454-BCD5-E337568A8307}"
EndProject
Project("{FAE04EC0-301F-11D3-BF4B-00C04F79EFBC}") = "ProyectofloresapiTests", "ProyectofloresapiTests\ProyectofloresapiTests.csproj", "{DD5A229F-6987-4AA2-9A0D-B5DA7A673899}"
EndProject
Global
	GlobalSection(SolutionConfigurationPlatforms) = preSolution
		Debug|Any CPU = Debug|Any CPU
		Release|Any CPU = Release|Any CPU
	EndGlobalSection
	GlobalSection(ProjectConfigurationPlatforms) = postSolution
		{7CB192D7-73A4-4454-BCD5-E337568A8307}.Debug|Any CPU.ActiveCfg = Debug|Any CPU
		{7CB192D7-73A4-4454-BCD5-E337568A8307}.Debug|Any CPU.Build.0 = Debug|Any CPU
		{7CB192D7-73A4-4454-BCD5-E337568A8307}.Release|Any CPU.ActiveCfg = Release|Any CPU
		{7CB192D7-73A4-4454-BCD5-E337568A8307}.Release|Any CPU.Build.0 = Release|Any CPU
		{DD5A229F-6987-4AA2-9A0D-B5DA7A673899}.Debug|Any CPU.ActiveCfg = Debug|Any CPU
		{DD5A229F-6987-4AA2-9A0D-B5DA7A673899}.Debug|Any CPU.Build.0 = Debug|Any CPU
		{DD5A229F-6987-4AA2-9A0D-B5DA7A673899}.Release|Any CPU.ActiveCfg = Release|Any CPU
		{DD5A229F-6987-4AA2-9A0D-B5DA7A673899}.Release|Any CPU.Build.0 = Release|Any CPU
	EndGlobalSection
	GlobalSection(SolutionProperties) = preSolution
		HideSolutionNode = FALSE
	EndGlobalSection
	GlobalSection(ExtensibilityGlobals) = postSolution
		SolutionGuid = {951D1D28-32A5-469A-8A1C-A2DCAC83BD58}
	EndGlobalSection
EndGlobal
